
Microsoft Visual Studio Solution File, Format Version 12.00
# Visual Studio Version 17
VisualStudioVersion = 17.9.34728.123
MinimumVisualStudioVersion = 10.0.40219.1
Project("{FAE04EC0-301F-11D3-BF4B-00C04F79EFBC}") = "e-commerce", "e-commerce\e-commerce.csproj", "{45E328E8-1218-4B2E-96D4-368F8FF7C4E3}"
EndProject
Global
	GlobalSection(SolutionConfigurationPlatforms) = preSolution
		Debug|Any CPU = Debug|Any CPU
		Release|Any CPU = Release|Any CPU
	EndGlobalSection
	GlobalSection(ProjectConfigurationPlatforms) = postSolution
		{45E328E8-1218-4B2E-96D4-368F8FF7C4E3}.Debug|Any CPU.ActiveCfg = Debug|Any CPU
		{45E328E8-1218-4B2E-96D4-368F8FF7C4E3}.Debug|Any CPU.Build.0 = Debug|Any CPU
		{45E328E8-1218-4B2E-96D4-368F8FF7C4E3}.Release|Any CPU.ActiveCfg = Release|Any CPU
		{45E328E8-1218-4B2E-96D4-368F8FF7C4E3}.Release|Any CPU.Build.0 = Release|Any CPU
	EndGlobalSection
	GlobalSection(SolutionProperties) = preSolution
		HideSolutionNode = FALSE
	EndGlobalSection
	GlobalSection(ExtensibilityGlobals) = postSolution
		SolutionGuid = {DB6867A1-DE51-443D-A58A-E8CE7BAABFE1}
	EndGlobalSection
EndGlobal
